
Microsoft Visual Studio Solution File, Format Version 12.00
# Visual Studio Version 16
VisualStudioVersion = 16.0.31829.152
MinimumVisualStudioVersion = 10.0.40219.1
Project("{FAE04EC0-301F-11D3-BF4B-00C04F79EFBC}") = "Builder", "Builder\Builder.csproj", "{194969B1-6E15-4722-B1AB-839AE8CFC0EA}"
EndProject
Global
	GlobalSection(SolutionConfigurationPlatforms) = preSolution
		Debug|Any CPU = Debug|Any CPU
		Release|Any CPU = Release|Any CPU
	EndGlobalSection
	GlobalSection(ProjectConfigurationPlatforms) = postSolution
		{194969B1-6E15-4722-B1AB-839AE8CFC0EA}.Debug|Any CPU.ActiveCfg = Debug|Any CPU
		{194969B1-6E15-4722-B1AB-839AE8CFC0EA}.Debug|Any CPU.Build.0 = Debug|Any CPU
		{194969B1-6E15-4722-B1AB-839AE8CFC0EA}.Release|Any CPU.ActiveCfg = Release|Any CPU
		{194969B1-6E15-4722-B1AB-839AE8CFC0EA}.Release|Any CPU.Build.0 = Release|Any CPU
	EndGlobalSection
	GlobalSection(SolutionProperties) = preSolution
		HideSolutionNode = FALSE
	EndGlobalSection
	GlobalSection(ExtensibilityGlobals) = postSolution
		SolutionGuid = {F2FAF263-94CC-4021-8DC6-7429B80FC8B2}
	EndGlobalSection
EndGlobal
